
Microsoft Visual Studio Solution File, Format Version 12.00
# Visual Studio Version 16
VisualStudioVersion = 16.0.29326.143
MinimumVisualStudioVersion = 10.0.40219.1
Project("{FAE04EC0-301F-11D3-BF4B-00C04F79EFBC}") = "FIT PONG", "FIT PONG\FIT PONG.csproj", "{B8109925-CEA0-4EB5-A7B4-5F72B3493207}"
EndProject
Global
	GlobalSection(SolutionConfigurationPlatforms) = preSolution
		Debug|Any CPU = Debug|Any CPU
		Release|Any CPU = Release|Any CPU
	EndGlobalSection
	GlobalSection(ProjectConfigurationPlatforms) = postSolution
		{B8109925-CEA0-4EB5-A7B4-5F72B3493207}.Debug|Any CPU.ActiveCfg = Debug|Any CPU
		{B8109925-CEA0-4EB5-A7B4-5F72B3493207}.Debug|Any CPU.Build.0 = Debug|Any CPU
		{B8109925-CEA0-4EB5-A7B4-5F72B3493207}.Release|Any CPU.ActiveCfg = Release|Any CPU
		{B8109925-CEA0-4EB5-A7B4-5F72B3493207}.Release|Any CPU.Build.0 = Release|Any CPU
	EndGlobalSection
	GlobalSection(SolutionProperties) = preSolution
		HideSolutionNode = FALSE
	EndGlobalSection
	GlobalSection(ExtensibilityGlobals) = postSolution
		SolutionGuid = {3EE9CC83-792C-472A-B112-9A7A65B2141B}
	EndGlobalSection
EndGlobal
