
Microsoft Visual Studio Solution File, Format Version 12.00
# Visual Studio Version 16
VisualStudioVersion = 16.0.29326.143
MinimumVisualStudioVersion = 10.0.40219.1
Project("{9A19103F-16F7-4668-BE54-9A1E7A4F7556}") = "FITPONG.WebApp", "FITPONG.WebApp\FITPONG.WebApp.csproj", "{B8109925-CEA0-4EB5-A7B4-5F72B3493207}"
EndProject
Project("{9A19103F-16F7-4668-BE54-9A1E7A4F7556}") = "FITPONG.Test", "FITPONG.Test\FITPONG.Test.csproj", "{85766430-5D6C-4DED-9E38-2874209EAD0C}"
EndProject
Project("{9A19103F-16F7-4668-BE54-9A1E7A4F7556}") = "FITPONG.Database", "FITPONG.Database\FITPONG.Database.csproj", "{7D7026CD-51F5-4F19-B64B-9E707922BE75}"
EndProject
Project("{9A19103F-16F7-4668-BE54-9A1E7A4F7556}") = "FITPONG.SharedModels", "FITPONG.SharedModels\FITPONG.SharedModels.csproj", "{71FD63B5-8291-4AED-8925-F614FE299B42}"
EndProject
Project("{9A19103F-16F7-4668-BE54-9A1E7A4F7556}") = "FITPONG.WebAPI", "FITPONG.WebAPI\FITPONG.WebAPI.csproj", "{9CFFF9D6-DE15-4DAB-B980-F5E3B63AAB3D}"
EndProject
Project("{9A19103F-16F7-4668-BE54-9A1E7A4F7556}") = "FITPONG.Services", "FITPONG.Services\FITPONG.Services.csproj", "{E9C5FAB8-6AD1-49C3-B6E6-7C7048482BFA}"
EndProject
Project("{FAE04EC0-301F-11D3-BF4B-00C04F79EFBC}") = "FITPONG.WinForms", "FITPONG.WinForms\FITPONG.WinForms.csproj", "{AEEFEBB4-3B5C-46E9-B71A-1CA0AE7E6CE8}"
EndProject
Project("{FAE04EC0-301F-11D3-BF4B-00C04F79EFBC}") = "FITPONG.Mobile.UWP", "FITPONG.Mobile\FITPONG.Mobile.UWP\FITPONG.Mobile.UWP.csproj", "{76D02CDC-ACD9-4A09-AF4E-2FACA1EE6C52}"
EndProject
Project("{FAE04EC0-301F-11D3-BF4B-00C04F79EFBC}") = "FITPONG.Mobile.Android", "FITPONG.Mobile\FITPONG.Mobile.Android\FITPONG.Mobile.Android.csproj", "{B8870486-7AE6-4817-B87A-2666F55A6A36}"
EndProject
Project("{FAE04EC0-301F-11D3-BF4B-00C04F79EFBC}") = "FITPONG.Mobile.iOS", "FITPONG.Mobile\FITPONG.Mobile.iOS\FITPONG.Mobile.iOS.csproj", "{120F66D0-8CCC-4104-A152-55455E440FA1}"
EndProject
Project("{9A19103F-16F7-4668-BE54-9A1E7A4F7556}") = "FITPONG.Mobile", "FITPONG.Mobile\FITPONG.Mobile\FITPONG.Mobile.csproj", "{E1038E06-1FF6-41F0-B5E0-C690ECAA25A6}"
EndProject
Project("{2150E333-8FDC-42A3-9474-1A3956D46DE8}") = "FITPONG.MobileApp", "FITPONG.MobileApp", "{20271171-7325-4DF2-B734-1A3CFE2EA6C1}"
EndProject
Global
	GlobalSection(SolutionConfigurationPlatforms) = preSolution
		Debug|Any CPU = Debug|Any CPU
		Debug|ARM = Debug|ARM
		Debug|iPhone = Debug|iPhone
		Debug|iPhoneSimulator = Debug|iPhoneSimulator
		Debug|x64 = Debug|x64
		Debug|x86 = Debug|x86
		Release|Any CPU = Release|Any CPU
		Release|ARM = Release|ARM
		Release|iPhone = Release|iPhone
		Release|iPhoneSimulator = Release|iPhoneSimulator
		Release|x64 = Release|x64
		Release|x86 = Release|x86
	EndGlobalSection
	GlobalSection(ProjectConfigurationPlatforms) = postSolution
		{B8109925-CEA0-4EB5-A7B4-5F72B3493207}.Debug|Any CPU.ActiveCfg = Debug|Any CPU
		{B8109925-CEA0-4EB5-A7B4-5F72B3493207}.Debug|Any CPU.Build.0 = Debug|Any CPU
		{B8109925-CEA0-4EB5-A7B4-5F72B3493207}.Debug|ARM.ActiveCfg = Debug|Any CPU
		{B8109925-CEA0-4EB5-A7B4-5F72B3493207}.Debug|ARM.Build.0 = Debug|Any CPU
		{B8109925-CEA0-4EB5-A7B4-5F72B3493207}.Debug|iPhone.ActiveCfg = Debug|Any CPU
		{B8109925-CEA0-4EB5-A7B4-5F72B3493207}.Debug|iPhone.Build.0 = Debug|Any CPU
		{B8109925-CEA0-4EB5-A7B4-5F72B3493207}.Debug|iPhoneSimulator.ActiveCfg = Debug|Any CPU
		{B8109925-CEA0-4EB5-A7B4-5F72B3493207}.Debug|iPhoneSimulator.Build.0 = Debug|Any CPU
		{B8109925-CEA0-4EB5-A7B4-5F72B3493207}.Debug|x64.ActiveCfg = Debug|Any CPU
		{B8109925-CEA0-4EB5-A7B4-5F72B3493207}.Debug|x64.Build.0 = Debug|Any CPU
		{B8109925-CEA0-4EB5-A7B4-5F72B3493207}.Debug|x86.ActiveCfg = Debug|Any CPU
		{B8109925-CEA0-4EB5-A7B4-5F72B3493207}.Debug|x86.Build.0 = Debug|Any CPU
		{B8109925-CEA0-4EB5-A7B4-5F72B3493207}.Release|Any CPU.ActiveCfg = Release|Any CPU
		{B8109925-CEA0-4EB5-A7B4-5F72B3493207}.Release|Any CPU.Build.0 = Release|Any CPU
		{B8109925-CEA0-4EB5-A7B4-5F72B3493207}.Release|ARM.ActiveCfg = Release|Any CPU
		{B8109925-CEA0-4EB5-A7B4-5F72B3493207}.Release|ARM.Build.0 = Release|Any CPU
		{B8109925-CEA0-4EB5-A7B4-5F72B3493207}.Release|iPhone.ActiveCfg = Release|Any CPU
		{B8109925-CEA0-4EB5-A7B4-5F72B3493207}.Release|iPhone.Build.0 = Release|Any CPU
		{B8109925-CEA0-4EB5-A7B4-5F72B3493207}.Release|iPhoneSimulator.ActiveCfg = Release|Any CPU
		{B8109925-CEA0-4EB5-A7B4-5F72B3493207}.Release|iPhoneSimulator.Build.0 = Release|Any CPU
		{B8109925-CEA0-4EB5-A7B4-5F72B3493207}.Release|x64.ActiveCfg = Release|Any CPU
		{B8109925-CEA0-4EB5-A7B4-5F72B3493207}.Release|x64.Build.0 = Release|Any CPU
		{B8109925-CEA0-4EB5-A7B4-5F72B3493207}.Release|x86.ActiveCfg = Release|Any CPU
		{B8109925-CEA0-4EB5-A7B4-5F72B3493207}.Release|x86.Build.0 = Release|Any CPU
		{85766430-5D6C-4DED-9E38-2874209EAD0C}.Debug|Any CPU.ActiveCfg = Debug|Any CPU
		{85766430-5D6C-4DED-9E38-2874209EAD0C}.Debug|Any CPU.Build.0 = Debug|Any CPU
		{85766430-5D6C-4DED-9E38-2874209EAD0C}.Debug|ARM.ActiveCfg = Debug|Any CPU
		{85766430-5D6C-4DED-9E38-2874209EAD0C}.Debug|ARM.Build.0 = Debug|Any CPU
		{85766430-5D6C-4DED-9E38-2874209EAD0C}.Debug|iPhone.ActiveCfg = Debug|Any CPU
		{85766430-5D6C-4DED-9E38-2874209EAD0C}.Debug|iPhone.Build.0 = Debug|Any CPU
		{85766430-5D6C-4DED-9E38-2874209EAD0C}.Debug|iPhoneSimulator.ActiveCfg = Debug|Any CPU
		{85766430-5D6C-4DED-9E38-2874209EAD0C}.Debug|iPhoneSimulator.Build.0 = Debug|Any CPU
		{85766430-5D6C-4DED-9E38-2874209EAD0C}.Debug|x64.ActiveCfg = Debug|Any CPU
		{85766430-5D6C-4DED-9E38-2874209EAD0C}.Debug|x64.Build.0 = Debug|Any CPU
		{85766430-5D6C-4DED-9E38-2874209EAD0C}.Debug|x86.ActiveCfg = Debug|Any CPU
		{85766430-5D6C-4DED-9E38-2874209EAD0C}.Debug|x86.Build.0 = Debug|Any CPU
		{85766430-5D6C-4DED-9E38-2874209EAD0C}.Release|Any CPU.ActiveCfg = Release|Any CPU
		{85766430-5D6C-4DED-9E38-2874209EAD0C}.Release|Any CPU.Build.0 = Release|Any CPU
		{85766430-5D6C-4DED-9E38-2874209EAD0C}.Release|ARM.ActiveCfg = Release|Any CPU
		{85766430-5D6C-4DED-9E38-2874209EAD0C}.Release|ARM.Build.0 = Release|Any CPU
		{85766430-5D6C-4DED-9E38-2874209EAD0C}.Release|iPhone.ActiveCfg = Release|Any CPU
		{85766430-5D6C-4DED-9E38-2874209EAD0C}.Release|iPhone.Build.0 = Release|Any CPU
		{85766430-5D6C-4DED-9E38-2874209EAD0C}.Release|iPhoneSimulator.ActiveCfg = Release|Any CPU
		{85766430-5D6C-4DED-9E38-2874209EAD0C}.Release|iPhoneSimulator.Build.0 = Release|Any CPU
		{85766430-5D6C-4DED-9E38-2874209EAD0C}.Release|x64.ActiveCfg = Release|Any CPU
		{85766430-5D6C-4DED-9E38-2874209EAD0C}.Release|x64.Build.0 = Release|Any CPU
		{85766430-5D6C-4DED-9E38-2874209EAD0C}.Release|x86.ActiveCfg = Release|Any CPU
		{85766430-5D6C-4DED-9E38-2874209EAD0C}.Release|x86.Build.0 = Release|Any CPU
		{7D7026CD-51F5-4F19-B64B-9E707922BE75}.Debug|Any CPU.ActiveCfg = Debug|Any CPU
		{7D7026CD-51F5-4F19-B64B-9E707922BE75}.Debug|Any CPU.Build.0 = Debug|Any CPU
		{7D7026CD-51F5-4F19-B64B-9E707922BE75}.Debug|ARM.ActiveCfg = Debug|Any CPU
		{7D7026CD-51F5-4F19-B64B-9E707922BE75}.Debug|ARM.Build.0 = Debug|Any CPU
		{7D7026CD-51F5-4F19-B64B-9E707922BE75}.Debug|iPhone.ActiveCfg = Debug|Any CPU
		{7D7026CD-51F5-4F19-B64B-9E707922BE75}.Debug|iPhone.Build.0 = Debug|Any CPU
		{7D7026CD-51F5-4F19-B64B-9E707922BE75}.Debug|iPhoneSimulator.ActiveCfg = Debug|Any CPU
		{7D7026CD-51F5-4F19-B64B-9E707922BE75}.Debug|iPhoneSimulator.Build.0 = Debug|Any CPU
		{7D7026CD-51F5-4F19-B64B-9E707922BE75}.Debug|x64.ActiveCfg = Debug|Any CPU
		{7D7026CD-51F5-4F19-B64B-9E707922BE75}.Debug|x64.Build.0 = Debug|Any CPU
		{7D7026CD-51F5-4F19-B64B-9E707922BE75}.Debug|x86.ActiveCfg = Debug|Any CPU
		{7D7026CD-51F5-4F19-B64B-9E707922BE75}.Debug|x86.Build.0 = Debug|Any CPU
		{7D7026CD-51F5-4F19-B64B-9E707922BE75}.Release|Any CPU.ActiveCfg = Release|Any CPU
		{7D7026CD-51F5-4F19-B64B-9E707922BE75}.Release|Any CPU.Build.0 = Release|Any CPU
		{7D7026CD-51F5-4F19-B64B-9E707922BE75}.Release|ARM.ActiveCfg = Release|Any CPU
		{7D7026CD-51F5-4F19-B64B-9E707922BE75}.Release|ARM.Build.0 = Release|Any CPU
		{7D7026CD-51F5-4F19-B64B-9E707922BE75}.Release|iPhone.ActiveCfg = Release|Any CPU
		{7D7026CD-51F5-4F19-B64B-9E707922BE75}.Release|iPhone.Build.0 = Release|Any CPU
		{7D7026CD-51F5-4F19-B64B-9E707922BE75}.Release|iPhoneSimulator.ActiveCfg = Release|Any CPU
		{7D7026CD-51F5-4F19-B64B-9E707922BE75}.Release|iPhoneSimulator.Build.0 = Release|Any CPU
		{7D7026CD-51F5-4F19-B64B-9E707922BE75}.Release|x64.ActiveCfg = Release|Any CPU
		{7D7026CD-51F5-4F19-B64B-9E707922BE75}.Release|x64.Build.0 = Release|Any CPU
		{7D7026CD-51F5-4F19-B64B-9E707922BE75}.Release|x86.ActiveCfg = Release|Any CPU
		{7D7026CD-51F5-4F19-B64B-9E707922BE75}.Release|x86.Build.0 = Release|Any CPU
		{71FD63B5-8291-4AED-8925-F614FE299B42}.Debug|Any CPU.ActiveCfg = Debug|Any CPU
		{71FD63B5-8291-4AED-8925-F614FE299B42}.Debug|Any CPU.Build.0 = Debug|Any CPU
		{71FD63B5-8291-4AED-8925-F614FE299B42}.Debug|ARM.ActiveCfg = Debug|Any CPU
		{71FD63B5-8291-4AED-8925-F614FE299B42}.Debug|ARM.Build.0 = Debug|Any CPU
		{71FD63B5-8291-4AED-8925-F614FE299B42}.Debug|iPhone.ActiveCfg = Debug|Any CPU
		{71FD63B5-8291-4AED-8925-F614FE299B42}.Debug|iPhone.Build.0 = Debug|Any CPU
		{71FD63B5-8291-4AED-8925-F614FE299B42}.Debug|iPhoneSimulator.ActiveCfg = Debug|Any CPU
		{71FD63B5-8291-4AED-8925-F614FE299B42}.Debug|iPhoneSimulator.Build.0 = Debug|Any CPU
		{71FD63B5-8291-4AED-8925-F614FE299B42}.Debug|x64.ActiveCfg = Debug|Any CPU
		{71FD63B5-8291-4AED-8925-F614FE299B42}.Debug|x64.Build.0 = Debug|Any CPU
		{71FD63B5-8291-4AED-8925-F614FE299B42}.Debug|x86.ActiveCfg = Debug|Any CPU
		{71FD63B5-8291-4AED-8925-F614FE299B42}.Debug|x86.Build.0 = Debug|Any CPU
		{71FD63B5-8291-4AED-8925-F614FE299B42}.Release|Any CPU.ActiveCfg = Release|Any CPU
		{71FD63B5-8291-4AED-8925-F614FE299B42}.Release|Any CPU.Build.0 = Release|Any CPU
		{71FD63B5-8291-4AED-8925-F614FE299B42}.Release|ARM.ActiveCfg = Release|Any CPU
		{71FD63B5-8291-4AED-8925-F614FE299B42}.Release|ARM.Build.0 = Release|Any CPU
		{71FD63B5-8291-4AED-8925-F614FE299B42}.Release|iPhone.ActiveCfg = Release|Any CPU
		{71FD63B5-8291-4AED-8925-F614FE299B42}.Release|iPhone.Build.0 = Release|Any CPU
		{71FD63B5-8291-4AED-8925-F614FE299B42}.Release|iPhoneSimulator.ActiveCfg = Release|Any CPU
		{71FD63B5-8291-4AED-8925-F614FE299B42}.Release|iPhoneSimulator.Build.0 = Release|Any CPU
		{71FD63B5-8291-4AED-8925-F614FE299B42}.Release|x64.ActiveCfg = Release|Any CPU
		{71FD63B5-8291-4AED-8925-F614FE299B42}.Release|x64.Build.0 = Release|Any CPU
		{71FD63B5-8291-4AED-8925-F614FE299B42}.Release|x86.ActiveCfg = Release|Any CPU
		{71FD63B5-8291-4AED-8925-F614FE299B42}.Release|x86.Build.0 = Release|Any CPU
		{9CFFF9D6-DE15-4DAB-B980-F5E3B63AAB3D}.Debug|Any CPU.ActiveCfg = Debug|Any CPU
		{9CFFF9D6-DE15-4DAB-B980-F5E3B63AAB3D}.Debug|Any CPU.Build.0 = Debug|Any CPU
		{9CFFF9D6-DE15-4DAB-B980-F5E3B63AAB3D}.Debug|ARM.ActiveCfg = Debug|Any CPU
		{9CFFF9D6-DE15-4DAB-B980-F5E3B63AAB3D}.Debug|ARM.Build.0 = Debug|Any CPU
		{9CFFF9D6-DE15-4DAB-B980-F5E3B63AAB3D}.Debug|iPhone.ActiveCfg = Debug|Any CPU
		{9CFFF9D6-DE15-4DAB-B980-F5E3B63AAB3D}.Debug|iPhone.Build.0 = Debug|Any CPU
		{9CFFF9D6-DE15-4DAB-B980-F5E3B63AAB3D}.Debug|iPhoneSimulator.ActiveCfg = Debug|Any CPU
		{9CFFF9D6-DE15-4DAB-B980-F5E3B63AAB3D}.Debug|iPhoneSimulator.Build.0 = Debug|Any CPU
		{9CFFF9D6-DE15-4DAB-B980-F5E3B63AAB3D}.Debug|x64.ActiveCfg = Debug|Any CPU
		{9CFFF9D6-DE15-4DAB-B980-F5E3B63AAB3D}.Debug|x64.Build.0 = Debug|Any CPU
		{9CFFF9D6-DE15-4DAB-B980-F5E3B63AAB3D}.Debug|x86.ActiveCfg = Debug|Any CPU
		{9CFFF9D6-DE15-4DAB-B980-F5E3B63AAB3D}.Debug|x86.Build.0 = Debug|Any CPU
		{9CFFF9D6-DE15-4DAB-B980-F5E3B63AAB3D}.Release|Any CPU.ActiveCfg = Release|Any CPU
		{9CFFF9D6-DE15-4DAB-B980-F5E3B63AAB3D}.Release|Any CPU.Build.0 = Release|Any CPU
		{9CFFF9D6-DE15-4DAB-B980-F5E3B63AAB3D}.Release|ARM.ActiveCfg = Release|Any CPU
		{9CFFF9D6-DE15-4DAB-B980-F5E3B63AAB3D}.Release|ARM.Build.0 = Release|Any CPU
		{9CFFF9D6-DE15-4DAB-B980-F5E3B63AAB3D}.Release|iPhone.ActiveCfg = Release|Any CPU
		{9CFFF9D6-DE15-4DAB-B980-F5E3B63AAB3D}.Release|iPhone.Build.0 = Release|Any CPU
		{9CFFF9D6-DE15-4DAB-B980-F5E3B63AAB3D}.Release|iPhoneSimulator.ActiveCfg = Release|Any CPU
		{9CFFF9D6-DE15-4DAB-B980-F5E3B63AAB3D}.Release|iPhoneSimulator.Build.0 = Release|Any CPU
		{9CFFF9D6-DE15-4DAB-B980-F5E3B63AAB3D}.Release|x64.ActiveCfg = Release|Any CPU
		{9CFFF9D6-DE15-4DAB-B980-F5E3B63AAB3D}.Release|x64.Build.0 = Release|Any CPU
		{9CFFF9D6-DE15-4DAB-B980-F5E3B63AAB3D}.Release|x86.ActiveCfg = Release|Any CPU
		{9CFFF9D6-DE15-4DAB-B980-F5E3B63AAB3D}.Release|x86.Build.0 = Release|Any CPU
		{E9C5FAB8-6AD1-49C3-B6E6-7C7048482BFA}.Debug|Any CPU.ActiveCfg = Debug|Any CPU
		{E9C5FAB8-6AD1-49C3-B6E6-7C7048482BFA}.Debug|Any CPU.Build.0 = Debug|Any CPU
		{E9C5FAB8-6AD1-49C3-B6E6-7C7048482BFA}.Debug|ARM.ActiveCfg = Debug|Any CPU
		{E9C5FAB8-6AD1-49C3-B6E6-7C7048482BFA}.Debug|ARM.Build.0 = Debug|Any CPU
		{E9C5FAB8-6AD1-49C3-B6E6-7C7048482BFA}.Debug|iPhone.ActiveCfg = Debug|Any CPU
		{E9C5FAB8-6AD1-49C3-B6E6-7C7048482BFA}.Debug|iPhone.Build.0 = Debug|Any CPU
		{E9C5FAB8-6AD1-49C3-B6E6-7C7048482BFA}.Debug|iPhoneSimulator.ActiveCfg = Debug|Any CPU
		{E9C5FAB8-6AD1-49C3-B6E6-7C7048482BFA}.Debug|iPhoneSimulator.Build.0 = Debug|Any CPU
		{E9C5FAB8-6AD1-49C3-B6E6-7C7048482BFA}.Debug|x64.ActiveCfg = Debug|Any CPU
		{E9C5FAB8-6AD1-49C3-B6E6-7C7048482BFA}.Debug|x64.Build.0 = Debug|Any CPU
		{E9C5FAB8-6AD1-49C3-B6E6-7C7048482BFA}.Debug|x86.ActiveCfg = Debug|Any CPU
		{E9C5FAB8-6AD1-49C3-B6E6-7C7048482BFA}.Debug|x86.Build.0 = Debug|Any CPU
		{E9C5FAB8-6AD1-49C3-B6E6-7C7048482BFA}.Release|Any CPU.ActiveCfg = Release|Any CPU
		{E9C5FAB8-6AD1-49C3-B6E6-7C7048482BFA}.Release|Any CPU.Build.0 = Release|Any CPU
		{E9C5FAB8-6AD1-49C3-B6E6-7C7048482BFA}.Release|ARM.ActiveCfg = Release|Any CPU
		{E9C5FAB8-6AD1-49C3-B6E6-7C7048482BFA}.Release|ARM.Build.0 = Release|Any CPU
		{E9C5FAB8-6AD1-49C3-B6E6-7C7048482BFA}.Release|iPhone.ActiveCfg = Release|Any CPU
		{E9C5FAB8-6AD1-49C3-B6E6-7C7048482BFA}.Release|iPhone.Build.0 = Release|Any CPU
		{E9C5FAB8-6AD1-49C3-B6E6-7C7048482BFA}.Release|iPhoneSimulator.ActiveCfg = Release|Any CPU
		{E9C5FAB8-6AD1-49C3-B6E6-7C7048482BFA}.Release|iPhoneSimulator.Build.0 = Release|Any CPU
		{E9C5FAB8-6AD1-49C3-B6E6-7C7048482BFA}.Release|x64.ActiveCfg = Release|Any CPU
		{E9C5FAB8-6AD1-49C3-B6E6-7C7048482BFA}.Release|x64.Build.0 = Release|Any CPU
		{E9C5FAB8-6AD1-49C3-B6E6-7C7048482BFA}.Release|x86.ActiveCfg = Release|Any CPU
		{E9C5FAB8-6AD1-49C3-B6E6-7C7048482BFA}.Release|x86.Build.0 = Release|Any CPU
		{AEEFEBB4-3B5C-46E9-B71A-1CA0AE7E6CE8}.Debug|Any CPU.ActiveCfg = Debug|Any CPU
		{AEEFEBB4-3B5C-46E9-B71A-1CA0AE7E6CE8}.Debug|Any CPU.Build.0 = Debug|Any CPU
		{AEEFEBB4-3B5C-46E9-B71A-1CA0AE7E6CE8}.Debug|ARM.ActiveCfg = Debug|Any CPU
		{AEEFEBB4-3B5C-46E9-B71A-1CA0AE7E6CE8}.Debug|ARM.Build.0 = Debug|Any CPU
		{AEEFEBB4-3B5C-46E9-B71A-1CA0AE7E6CE8}.Debug|iPhone.ActiveCfg = Debug|Any CPU
		{AEEFEBB4-3B5C-46E9-B71A-1CA0AE7E6CE8}.Debug|iPhone.Build.0 = Debug|Any CPU
		{AEEFEBB4-3B5C-46E9-B71A-1CA0AE7E6CE8}.Debug|iPhoneSimulator.ActiveCfg = Debug|Any CPU
		{AEEFEBB4-3B5C-46E9-B71A-1CA0AE7E6CE8}.Debug|iPhoneSimulator.Build.0 = Debug|Any CPU
		{AEEFEBB4-3B5C-46E9-B71A-1CA0AE7E6CE8}.Debug|x64.ActiveCfg = Debug|Any CPU
		{AEEFEBB4-3B5C-46E9-B71A-1CA0AE7E6CE8}.Debug|x64.Build.0 = Debug|Any CPU
		{AEEFEBB4-3B5C-46E9-B71A-1CA0AE7E6CE8}.Debug|x86.ActiveCfg = Debug|Any CPU
		{AEEFEBB4-3B5C-46E9-B71A-1CA0AE7E6CE8}.Debug|x86.Build.0 = Debug|Any CPU
		{AEEFEBB4-3B5C-46E9-B71A-1CA0AE7E6CE8}.Release|Any CPU.ActiveCfg = Release|Any CPU
		{AEEFEBB4-3B5C-46E9-B71A-1CA0AE7E6CE8}.Release|Any CPU.Build.0 = Release|Any CPU
		{AEEFEBB4-3B5C-46E9-B71A-1CA0AE7E6CE8}.Release|ARM.ActiveCfg = Release|Any CPU
		{AEEFEBB4-3B5C-46E9-B71A-1CA0AE7E6CE8}.Release|ARM.Build.0 = Release|Any CPU
		{AEEFEBB4-3B5C-46E9-B71A-1CA0AE7E6CE8}.Release|iPhone.ActiveCfg = Release|Any CPU
		{AEEFEBB4-3B5C-46E9-B71A-1CA0AE7E6CE8}.Release|iPhone.Build.0 = Release|Any CPU
		{AEEFEBB4-3B5C-46E9-B71A-1CA0AE7E6CE8}.Release|iPhoneSimulator.ActiveCfg = Release|Any CPU
		{AEEFEBB4-3B5C-46E9-B71A-1CA0AE7E6CE8}.Release|iPhoneSimulator.Build.0 = Release|Any CPU
		{AEEFEBB4-3B5C-46E9-B71A-1CA0AE7E6CE8}.Release|x64.ActiveCfg = Release|Any CPU
		{AEEFEBB4-3B5C-46E9-B71A-1CA0AE7E6CE8}.Release|x64.Build.0 = Release|Any CPU
		{AEEFEBB4-3B5C-46E9-B71A-1CA0AE7E6CE8}.Release|x86.ActiveCfg = Release|Any CPU
		{AEEFEBB4-3B5C-46E9-B71A-1CA0AE7E6CE8}.Release|x86.Build.0 = Release|Any CPU
		{76D02CDC-ACD9-4A09-AF4E-2FACA1EE6C52}.Debug|Any CPU.ActiveCfg = Debug|x86
		{76D02CDC-ACD9-4A09-AF4E-2FACA1EE6C52}.Debug|Any CPU.Build.0 = Debug|x86
		{76D02CDC-ACD9-4A09-AF4E-2FACA1EE6C52}.Debug|Any CPU.Deploy.0 = Debug|x86
		{76D02CDC-ACD9-4A09-AF4E-2FACA1EE6C52}.Debug|ARM.ActiveCfg = Debug|ARM
		{76D02CDC-ACD9-4A09-AF4E-2FACA1EE6C52}.Debug|ARM.Build.0 = Debug|ARM
		{76D02CDC-ACD9-4A09-AF4E-2FACA1EE6C52}.Debug|ARM.Deploy.0 = Debug|ARM
		{76D02CDC-ACD9-4A09-AF4E-2FACA1EE6C52}.Debug|iPhone.ActiveCfg = Debug|x86
		{76D02CDC-ACD9-4A09-AF4E-2FACA1EE6C52}.Debug|iPhoneSimulator.ActiveCfg = Debug|x86
		{76D02CDC-ACD9-4A09-AF4E-2FACA1EE6C52}.Debug|x64.ActiveCfg = Debug|x64
		{76D02CDC-ACD9-4A09-AF4E-2FACA1EE6C52}.Debug|x64.Build.0 = Debug|x64
		{76D02CDC-ACD9-4A09-AF4E-2FACA1EE6C52}.Debug|x64.Deploy.0 = Debug|x64
		{76D02CDC-ACD9-4A09-AF4E-2FACA1EE6C52}.Debug|x86.ActiveCfg = Debug|x86
		{76D02CDC-ACD9-4A09-AF4E-2FACA1EE6C52}.Debug|x86.Build.0 = Debug|x86
		{76D02CDC-ACD9-4A09-AF4E-2FACA1EE6C52}.Debug|x86.Deploy.0 = Debug|x86
		{76D02CDC-ACD9-4A09-AF4E-2FACA1EE6C52}.Release|Any CPU.ActiveCfg = Release|x86
		{76D02CDC-ACD9-4A09-AF4E-2FACA1EE6C52}.Release|ARM.ActiveCfg = Release|ARM
		{76D02CDC-ACD9-4A09-AF4E-2FACA1EE6C52}.Release|ARM.Build.0 = Release|ARM
		{76D02CDC-ACD9-4A09-AF4E-2FACA1EE6C52}.Release|ARM.Deploy.0 = Release|ARM
		{76D02CDC-ACD9-4A09-AF4E-2FACA1EE6C52}.Release|iPhone.ActiveCfg = Release|x86
		{76D02CDC-ACD9-4A09-AF4E-2FACA1EE6C52}.Release|iPhoneSimulator.ActiveCfg = Release|x86
		{76D02CDC-ACD9-4A09-AF4E-2FACA1EE6C52}.Release|x64.ActiveCfg = Release|x64
		{76D02CDC-ACD9-4A09-AF4E-2FACA1EE6C52}.Release|x64.Build.0 = Release|x64
		{76D02CDC-ACD9-4A09-AF4E-2FACA1EE6C52}.Release|x64.Deploy.0 = Release|x64
		{76D02CDC-ACD9-4A09-AF4E-2FACA1EE6C52}.Release|x86.ActiveCfg = Release|x86
		{76D02CDC-ACD9-4A09-AF4E-2FACA1EE6C52}.Release|x86.Build.0 = Release|x86
		{76D02CDC-ACD9-4A09-AF4E-2FACA1EE6C52}.Release|x86.Deploy.0 = Release|x86
		{B8870486-7AE6-4817-B87A-2666F55A6A36}.Debug|Any CPU.ActiveCfg = Debug|Any CPU
		{B8870486-7AE6-4817-B87A-2666F55A6A36}.Debug|Any CPU.Build.0 = Debug|Any CPU
		{B8870486-7AE6-4817-B87A-2666F55A6A36}.Debug|ARM.ActiveCfg = Debug|Any CPU
		{B8870486-7AE6-4817-B87A-2666F55A6A36}.Debug|ARM.Build.0 = Debug|Any CPU
		{B8870486-7AE6-4817-B87A-2666F55A6A36}.Debug|ARM.Deploy.0 = Debug|Any CPU
		{B8870486-7AE6-4817-B87A-2666F55A6A36}.Debug|iPhone.ActiveCfg = Debug|Any CPU
		{B8870486-7AE6-4817-B87A-2666F55A6A36}.Debug|iPhone.Build.0 = Debug|Any CPU
		{B8870486-7AE6-4817-B87A-2666F55A6A36}.Debug|iPhone.Deploy.0 = Debug|Any CPU
		{B8870486-7AE6-4817-B87A-2666F55A6A36}.Debug|iPhoneSimulator.ActiveCfg = Debug|Any CPU
		{B8870486-7AE6-4817-B87A-2666F55A6A36}.Debug|iPhoneSimulator.Build.0 = Debug|Any CPU
		{B8870486-7AE6-4817-B87A-2666F55A6A36}.Debug|iPhoneSimulator.Deploy.0 = Debug|Any CPU
		{B8870486-7AE6-4817-B87A-2666F55A6A36}.Debug|x64.ActiveCfg = Debug|Any CPU
		{B8870486-7AE6-4817-B87A-2666F55A6A36}.Debug|x64.Build.0 = Debug|Any CPU
		{B8870486-7AE6-4817-B87A-2666F55A6A36}.Debug|x64.Deploy.0 = Debug|Any CPU
		{B8870486-7AE6-4817-B87A-2666F55A6A36}.Debug|x86.ActiveCfg = Debug|Any CPU
		{B8870486-7AE6-4817-B87A-2666F55A6A36}.Debug|x86.Build.0 = Debug|Any CPU
		{B8870486-7AE6-4817-B87A-2666F55A6A36}.Debug|x86.Deploy.0 = Debug|Any CPU
		{B8870486-7AE6-4817-B87A-2666F55A6A36}.Release|Any CPU.ActiveCfg = Release|Any CPU
		{B8870486-7AE6-4817-B87A-2666F55A6A36}.Release|Any CPU.Build.0 = Release|Any CPU
		{B8870486-7AE6-4817-B87A-2666F55A6A36}.Release|Any CPU.Deploy.0 = Release|Any CPU
		{B8870486-7AE6-4817-B87A-2666F55A6A36}.Release|ARM.ActiveCfg = Release|Any CPU
		{B8870486-7AE6-4817-B87A-2666F55A6A36}.Release|ARM.Build.0 = Release|Any CPU
		{B8870486-7AE6-4817-B87A-2666F55A6A36}.Release|ARM.Deploy.0 = Release|Any CPU
		{B8870486-7AE6-4817-B87A-2666F55A6A36}.Release|iPhone.ActiveCfg = Release|Any CPU
		{B8870486-7AE6-4817-B87A-2666F55A6A36}.Release|iPhone.Build.0 = Release|Any CPU
		{B8870486-7AE6-4817-B87A-2666F55A6A36}.Release|iPhone.Deploy.0 = Release|Any CPU
		{B8870486-7AE6-4817-B87A-2666F55A6A36}.Release|iPhoneSimulator.ActiveCfg = Release|Any CPU
		{B8870486-7AE6-4817-B87A-2666F55A6A36}.Release|iPhoneSimulator.Build.0 = Release|Any CPU
		{B8870486-7AE6-4817-B87A-2666F55A6A36}.Release|iPhoneSimulator.Deploy.0 = Release|Any CPU
		{B8870486-7AE6-4817-B87A-2666F55A6A36}.Release|x64.ActiveCfg = Release|Any CPU
		{B8870486-7AE6-4817-B87A-2666F55A6A36}.Release|x64.Build.0 = Release|Any CPU
		{B8870486-7AE6-4817-B87A-2666F55A6A36}.Release|x64.Deploy.0 = Release|Any CPU
		{B8870486-7AE6-4817-B87A-2666F55A6A36}.Release|x86.ActiveCfg = Release|Any CPU
		{B8870486-7AE6-4817-B87A-2666F55A6A36}.Release|x86.Build.0 = Release|Any CPU
		{B8870486-7AE6-4817-B87A-2666F55A6A36}.Release|x86.Deploy.0 = Release|Any CPU
		{120F66D0-8CCC-4104-A152-55455E440FA1}.Debug|Any CPU.ActiveCfg = Debug|iPhone
		{120F66D0-8CCC-4104-A152-55455E440FA1}.Debug|ARM.ActiveCfg = Debug|iPhone
		{120F66D0-8CCC-4104-A152-55455E440FA1}.Debug|iPhone.ActiveCfg = Debug|iPhone
		{120F66D0-8CCC-4104-A152-55455E440FA1}.Debug|iPhone.Build.0 = Debug|iPhone
		{120F66D0-8CCC-4104-A152-55455E440FA1}.Debug|iPhoneSimulator.ActiveCfg = Debug|iPhoneSimulator
		{120F66D0-8CCC-4104-A152-55455E440FA1}.Debug|iPhoneSimulator.Build.0 = Debug|iPhoneSimulator
		{120F66D0-8CCC-4104-A152-55455E440FA1}.Debug|x64.ActiveCfg = Debug|iPhone
		{120F66D0-8CCC-4104-A152-55455E440FA1}.Debug|x86.ActiveCfg = Debug|iPhone
		{120F66D0-8CCC-4104-A152-55455E440FA1}.Release|Any CPU.ActiveCfg = Release|iPhone
		{120F66D0-8CCC-4104-A152-55455E440FA1}.Release|ARM.ActiveCfg = Release|iPhone
		{120F66D0-8CCC-4104-A152-55455E440FA1}.Release|iPhone.ActiveCfg = Release|iPhone
		{120F66D0-8CCC-4104-A152-55455E440FA1}.Release|iPhone.Build.0 = Release|iPhone
		{120F66D0-8CCC-4104-A152-55455E440FA1}.Release|iPhoneSimulator.ActiveCfg = Release|iPhoneSimulator
		{120F66D0-8CCC-4104-A152-55455E440FA1}.Release|iPhoneSimulator.Build.0 = Release|iPhoneSimulator
		{120F66D0-8CCC-4104-A152-55455E440FA1}.Release|x64.ActiveCfg = Release|iPhone
		{120F66D0-8CCC-4104-A152-55455E440FA1}.Release|x86.ActiveCfg = Release|iPhone
		{E1038E06-1FF6-41F0-B5E0-C690ECAA25A6}.Debug|Any CPU.ActiveCfg = Debug|Any CPU
		{E1038E06-1FF6-41F0-B5E0-C690ECAA25A6}.Debug|Any CPU.Build.0 = Debug|Any CPU
		{E1038E06-1FF6-41F0-B5E0-C690ECAA25A6}.Debug|ARM.ActiveCfg = Debug|Any CPU
		{E1038E06-1FF6-41F0-B5E0-C690ECAA25A6}.Debug|ARM.Build.0 = Debug|Any CPU
		{E1038E06-1FF6-41F0-B5E0-C690ECAA25A6}.Debug|iPhone.ActiveCfg = Debug|Any CPU
		{E1038E06-1FF6-41F0-B5E0-C690ECAA25A6}.Debug|iPhone.Build.0 = Debug|Any CPU
		{E1038E06-1FF6-41F0-B5E0-C690ECAA25A6}.Debug|iPhoneSimulator.ActiveCfg = Debug|Any CPU
		{E1038E06-1FF6-41F0-B5E0-C690ECAA25A6}.Debug|iPhoneSimulator.Build.0 = Debug|Any CPU
		{E1038E06-1FF6-41F0-B5E0-C690ECAA25A6}.Debug|x64.ActiveCfg = Debug|Any CPU
		{E1038E06-1FF6-41F0-B5E0-C690ECAA25A6}.Debug|x64.Build.0 = Debug|Any CPU
		{E1038E06-1FF6-41F0-B5E0-C690ECAA25A6}.Debug|x86.ActiveCfg = Debug|Any CPU
		{E1038E06-1FF6-41F0-B5E0-C690ECAA25A6}.Debug|x86.Build.0 = Debug|Any CPU
		{E1038E06-1FF6-41F0-B5E0-C690ECAA25A6}.Release|Any CPU.ActiveCfg = Release|Any CPU
		{E1038E06-1FF6-41F0-B5E0-C690ECAA25A6}.Release|Any CPU.Build.0 = Release|Any CPU
		{E1038E06-1FF6-41F0-B5E0-C690ECAA25A6}.Release|ARM.ActiveCfg = Release|Any CPU
		{E1038E06-1FF6-41F0-B5E0-C690ECAA25A6}.Release|ARM.Build.0 = Release|Any CPU
		{E1038E06-1FF6-41F0-B5E0-C690ECAA25A6}.Release|iPhone.ActiveCfg = Release|Any CPU
		{E1038E06-1FF6-41F0-B5E0-C690ECAA25A6}.Release|iPhone.Build.0 = Release|Any CPU
		{E1038E06-1FF6-41F0-B5E0-C690ECAA25A6}.Release|iPhoneSimulator.ActiveCfg = Release|Any CPU
		{E1038E06-1FF6-41F0-B5E0-C690ECAA25A6}.Release|iPhoneSimulator.Build.0 = Release|Any CPU
		{E1038E06-1FF6-41F0-B5E0-C690ECAA25A6}.Release|x64.ActiveCfg = Release|Any CPU
		{E1038E06-1FF6-41F0-B5E0-C690ECAA25A6}.Release|x64.Build.0 = Release|Any CPU
		{E1038E06-1FF6-41F0-B5E0-C690ECAA25A6}.Release|x86.ActiveCfg = Release|Any CPU
		{E1038E06-1FF6-41F0-B5E0-C690ECAA25A6}.Release|x86.Build.0 = Release|Any CPU
	EndGlobalSection
	GlobalSection(SolutionProperties) = preSolution
		HideSolutionNode = FALSE
	EndGlobalSection
	GlobalSection(NestedProjects) = preSolution
		{76D02CDC-ACD9-4A09-AF4E-2FACA1EE6C52} = {20271171-7325-4DF2-B734-1A3CFE2EA6C1}
		{B8870486-7AE6-4817-B87A-2666F55A6A36} = {20271171-7325-4DF2-B734-1A3CFE2EA6C1}
		{120F66D0-8CCC-4104-A152-55455E440FA1} = {20271171-7325-4DF2-B734-1A3CFE2EA6C1}
		{E1038E06-1FF6-41F0-B5E0-C690ECAA25A6} = {20271171-7325-4DF2-B734-1A3CFE2EA6C1}
	EndGlobalSection
	GlobalSection(ExtensibilityGlobals) = postSolution
		SolutionGuid = {3EE9CC83-792C-472A-B112-9A7A65B2141B}
	EndGlobalSection
EndGlobal
